
Microsoft Visual Studio Solution File, Format Version 12.00
# Visual Studio Version 17
VisualStudioVersion = 17.14.36804.6
MinimumVisualStudioVersion = 10.0.40219.1
Project("{FAE04EC0-301F-11D3-BF4B-00C04F79EFBC}") = "Biblioteca API", "Biblioteca API\Biblioteca API.csproj", "{8DC1B35F-E7DB-4CDB-9B7B-8A452FC6461E}"
EndProject
Project("{FAE04EC0-301F-11D3-BF4B-00C04F79EFBC}") = "BibliotecaAPITests", "BibliotecaAPITests\BibliotecaAPITests.csproj", "{1B44DF5D-5663-455C-A879-CB41E6F13C31}"
EndProject
Global
	GlobalSection(SolutionConfigurationPlatforms) = preSolution
		Debug|Any CPU = Debug|Any CPU
		Release|Any CPU = Release|Any CPU
	EndGlobalSection
	GlobalSection(ProjectConfigurationPlatforms) = postSolution
		{8DC1B35F-E7DB-4CDB-9B7B-8A452FC6461E}.Debug|Any CPU.ActiveCfg = Debug|Any CPU
		{8DC1B35F-E7DB-4CDB-9B7B-8A452FC6461E}.Debug|Any CPU.Build.0 = Debug|Any CPU
		{8DC1B35F-E7DB-4CDB-9B7B-8A452FC6461E}.Release|Any CPU.ActiveCfg = Release|Any CPU
		{8DC1B35F-E7DB-4CDB-9B7B-8A452FC6461E}.Release|Any CPU.Build.0 = Release|Any CPU
		{1B44DF5D-5663-455C-A879-CB41E6F13C31}.Debug|Any CPU.ActiveCfg = Debug|Any CPU
		{1B44DF5D-5663-455C-A879-CB41E6F13C31}.Debug|Any CPU.Build.0 = Debug|Any CPU
		{1B44DF5D-5663-455C-A879-CB41E6F13C31}.Release|Any CPU.ActiveCfg = Release|Any CPU
		{1B44DF5D-5663-455C-A879-CB41E6F13C31}.Release|Any CPU.Build.0 = Release|Any CPU
	EndGlobalSection
	GlobalSection(SolutionProperties) = preSolution
		HideSolutionNode = FALSE
	EndGlobalSection
	GlobalSection(ExtensibilityGlobals) = postSolution
		SolutionGuid = {4F7E123E-EC67-4AFA-96F9-C86A6940DEF6}
	EndGlobalSection
EndGlobal
